PODS:
  - Flutter (1.0.0)
  - thermal (0.0.1):
    - Flutter

DEPENDENCIES:
  - Flutter (from `Flutter`)
  - thermal (from `.symlinks/plugins/thermal/ios`)

EXTERNAL SOURCES:
  Flutter:
    :path: Flutter
  thermal:
    :path: ".symlinks/plugins/thermal/ios"

SPEC CHECKSUMS:
  Flutter: e0871f40cf51350855a761d2e70bf5af5b9b5de7
  thermal: a9261044101ae8f532fa29cab4e8270b51b3f55c

PODFILE CHECKSUM: 819463e6a0290f5a72f145ba7cde16e8b6ef0796

COCOAPODS: 1.15.2
